<?xml version="1.0" encoding="UTF-8" standalone="yes" ?>
<CodeBlocks_project_file>
	<FileVersion major="1" minor="6" />
	<Project>
		<Option title="nRGBlib" />
		<Option makefile_is_custom="1" />
		<Option pch_mode="2" />
		<Option compiler="gcc" />
		<Build>
			<Target title="all">
				<Option type="4" />
				<Option compiler="gcc" />
			</Target>
			<Target title="clean">
				<Option type="4" />
				<Option compiler="gcc" />
			</Target>
			<Target title="clean all">
				<Option type="4" />
				<Option compiler="gcc" />
			</Target>
			<Target title="samples">
				<Option type="4" />
				<Option compiler="gcc" />
			</Target>
			<Target title="rsamples">
				<Option type="4" />
				<Option compiler="gcc" />
			</Target>
			<Target title="all_sam">
				<Option type="4" />
				<Option compiler="gcc" />
			</Target>
			<Target title="all_rsam">
				<Option type="4" />
				<Option compiler="gcc" />
			</Target>
			<Target title="clr_all_rsam">
				<Option type="4" />
				<Option compiler="gcc" />
			</Target>
		</Build>
		<Compiler>
			<Add option="-Wall" />
		</Compiler>
		<Unit filename="..\..\LisezMoi.txt">
			<Option target="&lt;{~None~}&gt;" />
		</Unit>
		<Unit filename="..\..\ReadMe.txt">
			<Option target="&lt;{~None~}&gt;" />
		</Unit>
		<Unit filename="..\include\charmap.h">
			<Option target="&lt;{~None~}&gt;" />
		</Unit>
		<Unit filename="..\include\nAUDIO.h">
			<Option target="&lt;{~None~}&gt;" />
		</Unit>
		<Unit filename="..\include\nCOMMON.h">
			<Option target="&lt;{~None~}&gt;" />
		</Unit>
		<Unit filename="..\include\nGEO.h">
			<Option target="&lt;{~None~}&gt;" />
		</Unit>
		<Unit filename="..\include\nGUI.h">
			<Option target="&lt;{~None~}&gt;" />
		</Unit>
		<Unit filename="..\include\nIMAGE.h">
			<Option target="&lt;{~None~}&gt;" />
		</Unit>
		<Unit filename="..\include\nMATHS.h">
			<Option target="&lt;{~None~}&gt;" />
		</Unit>
		<Unit filename="..\include\nRGBlib.h">
			<Option target="&lt;{~None~}&gt;" />
		</Unit>
		<Unit filename="..\include\nTILE.h">
			<Option target="&lt;{~None~}&gt;" />
		</Unit>
		<Unit filename="..\include\nVIEW.h">
			<Option target="&lt;{~None~}&gt;" />
		</Unit>
		<Unit filename="..\samples\CXSnake\Makefile">
			<Option target="&lt;{~None~}&gt;" />
		</Unit>
		<Unit filename="..\samples\CXSnake\main.c">
			<Option compilerVar="CC" />
			<Option target="&lt;{~None~}&gt;" />
		</Unit>
		<Unit filename="..\samples\CXSnake\pos.c">
			<Option compilerVar="CC" />
			<Option target="&lt;{~None~}&gt;" />
		</Unit>
		<Unit filename="..\samples\CXSnake\pos.h">
			<Option target="&lt;{~None~}&gt;" />
		</Unit>
		<Unit filename="..\samples\CXSnake\snake.c">
			<Option compilerVar="CC" />
			<Option target="&lt;{~None~}&gt;" />
		</Unit>
		<Unit filename="..\samples\CXSnake\snake.h">
			<Option target="&lt;{~None~}&gt;" />
		</Unit>
		<Unit filename="..\samples\CXSnake\tile_snake.h">
			<Option target="&lt;{~None~}&gt;" />
		</Unit>
		<Unit filename="..\samples\GeometriCX\Makefile">
			<Option target="&lt;{~None~}&gt;" />
		</Unit>
		<Unit filename="..\samples\GeometriCX\main.c">
			<Option compilerVar="CC" />
			<Option target="&lt;{~None~}&gt;" />
		</Unit>
		<Unit filename="..\samples\GeometriCX\tileset.h">
			<Option target="&lt;{~None~}&gt;" />
		</Unit>
		<Unit filename="..\samples\Makefile">
			<Option target="&lt;{~None~}&gt;" />
		</Unit>
		<Unit filename="..\samples\RPG\Makefile">
			<Option target="&lt;{~None~}&gt;" />
		</Unit>
		<Unit filename="..\samples\RPG\main.c">
			<Option compilerVar="CC" />
			<Option target="&lt;{~None~}&gt;" />
		</Unit>
		<Unit filename="..\samples\ReadMe.txt">
			<Option target="&lt;{~None~}&gt;" />
		</Unit>
		<Unit filename="..\samples\helloRGB\Makefile">
			<Option target="&lt;{~None~}&gt;" />
		</Unit>
		<Unit filename="..\samples\helloRGB\main.c">
			<Option compilerVar="CC" />
			<Option target="&lt;{~None~}&gt;" />
		</Unit>
		<Unit filename="..\samples\images\Makefile">
			<Option target="&lt;{~None~}&gt;" />
		</Unit>
		<Unit filename="..\samples\images\main.c">
			<Option compilerVar="CC" />
			<Option target="&lt;{~None~}&gt;" />
		</Unit>
		<Unit filename="Makefile">
			<Option target="&lt;{~None~}&gt;" />
		</Unit>
		<Unit filename="clearBuffer.c">
			<Option compilerVar="CC" />
			<Option target="&lt;{~None~}&gt;" />
		</Unit>
		<Unit filename="clearScreen.c">
			<Option compilerVar="CC" />
			<Option target="&lt;{~None~}&gt;" />
		</Unit>
		<Unit filename="copyScreenToBuffer.c">
			<Option compilerVar="CC" />
			<Option target="&lt;{~None~}&gt;" />
		</Unit>
		<Unit filename="deleteImage.c">
			<Option compilerVar="CC" />
		</Unit>
		<Unit filename="display.c">
			<Option compilerVar="CC" />
			<Option target="&lt;{~None~}&gt;" />
		</Unit>
		<Unit filename="drawBox.c">
			<Option compilerVar="CC" />
			<Option target="&lt;{~None~}&gt;" />
		</Unit>
		<Unit filename="drawChar.c">
			<Option compilerVar="CC" />
			<Option target="&lt;{~None~}&gt;" />
		</Unit>
		<Unit filename="drawCircle.c">
			<Option compilerVar="CC" />
			<Option target="&lt;{~None~}&gt;" />
		</Unit>
		<Unit filename="drawDisc.c">
			<Option compilerVar="CC" />
			<Option target="&lt;{~None~}&gt;" />
		</Unit>
		<Unit filename="drawImage.c">
			<Option compilerVar="CC" />
		</Unit>
		<Unit filename="drawImageSubrect.c">
			<Option compilerVar="CC" />
		</Unit>
		<Unit filename="drawLine.c">
			<Option compilerVar="CC" />
			<Option target="&lt;{~None~}&gt;" />
		</Unit>
		<Unit filename="drawStr.c">
			<Option compilerVar="CC" />
			<Option target="&lt;{~None~}&gt;" />
		</Unit>
		<Unit filename="drawTile.c">
			<Option compilerVar="CC" />
			<Option target="&lt;{~None~}&gt;" />
		</Unit>
		<Unit filename="drawTriangle.c">
			<Option compilerVar="CC" />
			<Option target="&lt;{~None~}&gt;" />
		</Unit>
		<Unit filename="loadImage.c">
			<Option compilerVar="CC" />
		</Unit>
		<Unit filename="maths.c">
			<Option compilerVar="CC" />
			<Option target="&lt;{~None~}&gt;" />
		</Unit>
		<Unit filename="setImage.c">
			<Option compilerVar="CC" />
		</Unit>
		<Unit filename="setPixel.c">
			<Option compilerVar="CC" />
			<Option target="&lt;{~None~}&gt;" />
		</Unit>
		<Extensions>
			<code_completion />
			<envvars />
			<debugger />
			<lib_finder disable_auto="1" />
			<DoxyBlocks>
				<comment_style block="0" line="0" />
				<doxyfile_project />
				<doxyfile_build />
				<doxyfile_warnings />
				<doxyfile_output />
				<doxyfile_dot />
				<general />
			</DoxyBlocks>
		</Extensions>
	</Project>
</CodeBlocks_project_file>
